
Microsoft Visual Studio Solution File, Format Version 12.00
# Visual Studio Version 17
VisualStudioVersion = 17.1.32210.238
MinimumVisualStudioVersion = 10.0.40219.1
Project("{FAE04EC0-301F-11D3-BF4B-00C04F79EFBC}") = "modul6_kelompok_6", "modul6_kelompok_6\modul6_kelompok_6.csproj", "{0AAFBABE-31F8-4237-B7B6-268E4D3A32AB}"
EndProject
Global
	GlobalSection(SolutionConfigurationPlatforms) = preSolution
		Debug|Any CPU = Debug|Any CPU
		Release|Any CPU = Release|Any CPU
	EndGlobalSection
	GlobalSection(ProjectConfigurationPlatforms) = postSolution
		{0AAFBABE-31F8-4237-B7B6-268E4D3A32AB}.Debug|Any CPU.ActiveCfg = Debug|Any CPU
		{0AAFBABE-31F8-4237-B7B6-268E4D3A32AB}.Debug|Any CPU.Build.0 = Debug|Any CPU
		{0AAFBABE-31F8-4237-B7B6-268E4D3A32AB}.Release|Any CPU.ActiveCfg = Release|Any CPU
		{0AAFBABE-31F8-4237-B7B6-268E4D3A32AB}.Release|Any CPU.Build.0 = Release|Any CPU
	EndGlobalSection
	GlobalSection(SolutionProperties) = preSolution
		HideSolutionNode = FALSE
	EndGlobalSection
	GlobalSection(ExtensibilityGlobals) = postSolution
		SolutionGuid = {988C59D6-477B-4E57-B526-E62A81788E74}
	EndGlobalSection
EndGlobal
